// !$*UTF8*$!
{
	archiveVersion = 1;
	classes = {
	};
	objectVersion = 46;
	objects = {

/* Begin PBXBuildFile section */
		37F8AB781D938148001D9A14 /* main.m in Sources */ = {isa = PBXBuildFile; fileRef = 37F8AB771D938148001D9A14 /* main.m */; };
		37F8AB7B1D938148001D9A14 /* AppDelegate.m in Sources */ = {isa = PBXBuildFile; fileRef = 37F8AB7A1D938148001D9A14 /* AppDelegate.m */; };
		37F8AB7E1D938148001D9A14 /* ViewController.m in Sources */ = {isa = PBXBuildFile; fileRef = 37F8AB7D1D938148001D9A14 /* ViewController.m */; };
		37F8AB811D938148001D9A14 /* Main.storyboard in Resources */ = {isa = PBXBuildFile; fileRef = 37F8AB7F1D938148001D9A14 /* Main.storyboard */; };
		37F8AB831D938148001D9A14 /* Assets.xcassets in Resources */ = {isa = PBXBuildFile; fileRef = 37F8AB821D938148001D9A14 /* Assets.xcassets */; };
		37F8AB861D938148001D9A14 /* LaunchScreen.storyboard in Resources */ = {isa = PBXBuildFile; fileRef = 37F8AB841D938148001D9A14 /* LaunchScreen.storyboard */; };
		37F8AB901D938197001D9A14 /* XXPodObject.m in Sources */ = {isa = PBXBuildFile; fileRef = 37F8AB8F1D938196001D9A14 /* XXPodObject.m */; };
/* End PBXBuildFile section */

/* Begin PBXFileReference section */
		37F8AB731D938148001D9A14 /* XXPodTest.app */ = {isa = PBXFileReference; explicitFileType = wrapper.application; includeInIndex = 0; path = XXPodTest.app; sourceTree = BUILT_PRODUCTS_DIR; };
		37F8AB771D938148001D9A14 /* main.m */ = {isa = PBXFileReference; lastKnownFileType = sourcecode.c.objc; path = main.m; sourceTree = "<group>"; };
		37F8AB791D938148001D9A14 /* AppDelegate.h */ = {isa = PBXFileReference; lastKnownFileType = sourcecode.c.h; path = AppDelegate.h; sourceTree = "<group>"; };
		37F8AB7A1D938148001D9A14 /* AppDelegate.m */ = {isa = PBXFileReference; lastKnownFileType = sourcecode.c.objc; path = AppDelegate.m; sourceTree = "<group>"; };
		37F8AB7C1D938148001D9A14 /* ViewController.h */ = {isa = PBXFileReference; lastKnownFileType = sourcecode.c.h; path = ViewController.h; sourceTree = "<group>"; };
		37F8AB7D1D938148001D9A14 /* ViewController.m */ = {isa = PBXFileReference; lastKnownFileType = sourcecode.c.objc; path = ViewController.m; sourceTree = "<group>"; };
		37F8AB801D938148001D9A14 /* Base */ = {isa = PBXFileReference; lastKnownFileType = file.storyboard; name = Base; path = Base.lproj/Main.storyboard; sourceTree = "<group>"; };
		37F8AB821D938148001D9A14 /* Assets.xcassets */ = {isa = PBXFileReference; lastKnownFileType = folder.assetcatalog; path = Assets.xcassets; sourceTree = "<group>"; };
		37F8AB851D938148001D9A14 /* Base */ = {isa = PBXFileReference; lastKnownFileType = file.storyboard; name = Base; path = Base.lproj/LaunchScreen.storyboard; sourceTree = "<group>"; };
		37F8AB871D938148001D9A14 /* Info.plist */ = {isa = PBXFileReference; lastKnownFileType = text.plist.xml; path = Info.plist; sourceTree = "<group>"; };
		37F8AB8E1D938196001D9A14 /* XXPodObject.h */ = {isa = PBXFileReference; fileEncoding = 4; lastKnownFileType = sourcecode.c.h; path = XXPodObject.h; sourceTree = "<group>"; };
		37F8AB8F1D938196001D9A14 /* XXPodObject.m */ = {isa = PBXFileReference; fileEncoding = 4; lastKnownFileType = sourcecode.c.objc; path = XXPodObject.m; sourceTree = "<group>"; };
/* End PBXFileReference section */

/* Begin PBXFrameworksBuildPhase section */
		37F8AB701D938148001D9A14 /* Frameworks */ = {
			isa = PBXFrameworksBuildPhase;
			buildActionMask = 2147483647;
			files = (
			);
			runOnlyForDeploymentPostprocessing = 0;
		};
/* End PBXFrameworksBuildPhase section */

/* Begin PBXGroup section */
		37F8AB6A1D938148001D9A14 = {
			isa = PBXGroup;
			children = (
				37F8AB8D1D93817B001D9A14 /* XXPodObject */,
				37F8AB751D938148001D9A14 /* XXPodTest */,
				37F8AB741D938148001D9A14 /* Products */,
			);
			sourceTree = "<group>";
		};
		37F8AB741D938148001D9A14 /* Products */ = {
			isa = PBXGroup;
			children = (
				37F8AB731D938148001D9A14 /* XXPodTest.app */,
			);
			name = Products;
			sourceTree = "<group>";
		};
		37F8AB751D938148001D9A14 /* XXPodTest */ = {
			isa = PBXGroup;
			children = (
				37F8AB791D938148001D9A14 /* AppDelegate.h */,
				37F8AB7A1D938148001D9A14 /* AppDelegate.m */,
				37F8AB7C1D938148001D9A14 /* ViewController.h */,
				37F8AB7D1D938148001D9A14 /* ViewController.m */,
				37F8AB7F1D938148001D9A14 /* Main.storyboard */,
				37F8AB821D938148001D9A14 /* Assets.xcassets */,
				37F8AB841D938148001D9A14 /* LaunchScreen.storyboard */,
				37F8AB871D938148001D9A14 /* Info.plist */,
				37F8AB761D938148001D9A14 /* Supporting Files */,
			);
			path = XXPodTest;
			sourceTree = "<group>";
		};
		37F8AB761D938148001D9A14 /* Supporting Files */ = {
			isa = PBXGroup;
			children = (
				37F8AB771D938148001D9A14 /* main.m */,
			);
			name = "Supporting Files";
			sourceTree = "<group>";
		};
		37F8AB8D1D93817B001D9A14 /* XXPodObject */ = {
			isa = PBXGroup;
			children = (
				37F8AB8E1D938196001D9A14 /* XXPodObject.h */,
				37F8AB8F1D938196001D9A14 /* XXPodObject.m */,
			);
			path = XXPodObject;
			sourceTree = "<group>";
		};
/* End PBXGroup section */

/* Begin PBXNativeTarget section */
		37F8AB721D938148001D9A14 /* XXPodTest */ = {
			isa = PBXNativeTarget;
			buildConfigurationList = 37F8AB8A1D938148001D9A14 /* Build configuration list for PBXNativeTarget "XXPodTest" */;
			buildPhases = (
				37F8AB6F1D938148001D9A14 /* Sources */,
				37F8AB701D938148001D9A14 /* Frameworks */,
				37F8AB711D938148001D9A14 /* Resources */,
			);
			buildRules = (
			);
			dependencies = (
			);
			name = XXPodTest;
			productName = XXPodTest;
			productReference = 37F8AB731D938148001D9A14 /* XXPodTest.app */;
			productType = "com.apple.product-type.application";
		};
/* End PBXNativeTarget section */

/* Begin PBXProject section */
		37F8AB6B1D938148001D9A14 /* Project object */ = {
			isa = PBXProject;
			attributes = {
				LastUpgradeCheck = 0730;
				ORGANIZATIONNAME = ham;
				TargetAttributes = {
					37F8AB721D938148001D9A14 = {
						CreatedOnToolsVersion = 7.3;
					};
				};
			};
			buildConfigurationList = 37F8AB6E1D938148001D9A14 /* Build configuration list for PBXProject "XXPodTest" */;
			compatibilityVersion = "Xcode 3.2";
			developmentRegion = English;
			hasScannedForEncodings = 0;
			knownRegions = (
				en,
				Base,
			);
			mainGroup = 37F8AB6A1D938148001D9A14;
			productRefGroup = 37F8AB741D938148001D9A14 /* Products */;
			projectDirPath = "";
			projectRoot = "";
			targets = (
				37F8AB721D938148001D9A14 /* XXPodTest */,
			);
		};
/* End PBXProject section */

/* Begin PBXResourcesBuildPhase section */
		37F8AB711D938148001D9A14 /* Resources */ = {
			isa = PBXResourcesBuildPhase;
			buildActionMask = 2147483647;
			files = (
				37F8AB861D938148001D9A14 /* LaunchScreen.storyboard in Resources */,
				37F8AB831D938148001D9A14 /* Assets.xcassets in Resources */,
				37F8AB811D938148001D9A14 /* Main.storyboard in Resources */,
			);
			runOnlyForDeploymentPostprocessing = 0;
		};
/* End PBXResourcesBuildPhase section */

/* Begin PBXSourcesBuildPhase section */
		37F8AB6F1D938148001D9A14 /* Sources */ = {
			isa = PBXSourcesBuildPhase;
			buildActionMask = 2147483647;
			files = (
				37F8AB7E1D938148001D9A14 /* ViewController.m in Sources */,
				37F8AB7B1D938148001D9A14 /* AppDelegate.m in Sources */,
				37F8AB901D938197001D9A14 /* XXPodObject.m in Sources */,
				37F8AB781D938148001D9A14 /* main.m in Sources */,
			);
			runOnlyForDeploymentPostprocessing = 0;
		};
/* End PBXSourcesBuildPhase section */

/* Begin PBXVariantGroup section */
		37F8AB7F1D938148001D9A14 /* Main.storyboard */ = {
			isa = PBXVariantGroup;
			children = (
				37F8AB801D938148001D9A14 /* Base */,
			);
			name = Main.storyboard;
			sourceTree = "<group>";
		};
		37F8AB841D938148001D9A14 /* LaunchScreen.storyboard */ = {
			isa = PBXVariantGroup;
			children = (
				37F8AB851D938148001D9A14 /* Base */,
			);
			name = LaunchScreen.storyboard;
			sourceTree = "<group>";
		};
/* End PBXVariantGroup section */

/* Begin XCBuildConfiguration section */
		37F8AB881D938148001D9A14 /* Debug */ = {
			isa = XCBuildConfiguration;
			buildSettings = {
				ALWAYS_SEARCH_USER_PATHS = NO;
				CLANG_ANALYZER_NONNULL = YES;
				CLANG_CXX_LANGUAGE_STANDARD = "gnu++0x";
				CLANG_CXX_LIBRARY = "libc++";
				CLANG_ENABLE_MODULES = YES;
				CLANG_ENABLE_OBJC_ARC = YES;
				CLANG_WARN_BOOL_CONVERSION = YES;
				CLANG_WARN_CONSTANT_CONVERSION = YES;
				CLANG_WARN_DIRECT_OBJC_ISA_USAGE = YES_ERROR;
				CLANG_WARN_EMPTY_BODY = YES;
				CLANG_WARN_ENUM_CONVERSION = YES;
				CLANG_WARN_INT_CONVERSION = YES;
				CLANG_WARN_OBJC_ROOT_CLASS = YES_ERROR;
				CLANG_WARN_UNREACHABLE_CODE = YES;
				CLANG_WARN__DUPLICATE_METHOD_MATCH = YES;
				"CODE_SIGN_IDENTITY[sdk=iphoneos*]" = "iPhone Developer";
				COPY_PHASE_STRIP = NO;
				DEBUG_INFORMATION_FORMAT = dwarf;
				ENABLE_STRICT_OBJC_MSGSEND = YES;
				ENABLE_TESTABILITY = YES;
				GCC_C_LANGUAGE_STANDARD = gnu99;
				GCC_DYNAMIC_NO_PIC = NO;
				GCC_NO_COMMON_BLOCKS = YES;
				GCC_OPTIMIZATION_LEVEL = 0;
				GCC_PREPROCESSOR_DEFINITIONS = (
					"DEBUG=1",
					"$(inherited)",
				);
				GCC_WARN_64_TO_32_BIT_CONVERSION = YES;
				GCC_WARN_ABOUT_RETURN_TYPE = YES_ERROR;
				GCC_WARN_UNDECLARED_SELECTOR = YES;
				GCC_WARN_UNINITIALIZED_AUTOS = YES_AGGRESSIVE;
				GCC_WARN_UNUSED_FUNCTION = YES;
				GCC_WARN_UNUSED_VARIABLE = YES;
				IPHONEOS_DEPLOYMENT_TARGET = 9.3;
				MTL_ENABLE_DEBUG_INFO = YES;
				ONLY_ACTIVE_ARCH = YES;
				SDKROOT = iphoneos;
				TARGETED_DEVICE_FAMILY = "1,2";
			};
			name = Debug;
		};
		37F8AB891D938148001D9A14 /* Release */ = {
			isa = XCBuildConfiguration;
			buildSettings = {
				ALWAYS_SEARCH_USER_PATHS = NO;
				CLANG_ANALYZER_NONNULL = YES;
				CLANG_CXX_LANGUAGE_STANDARD = "gnu++0x";
				CLANG_CXX_LIBRARY = "libc++";
				CLANG_ENABLE_MODULES = YES;
				CLANG_ENABLE_OBJC_ARC = YES;
				CLANG_WARN_BOOL_CONVERSION = YES;
				CLANG_WARN_CONSTANT_CONVERSION = YES;
				CLANG_WARN_DIRECT_OBJC_ISA_USAGE = YES_ERROR;
				CLANG_WARN_EMPTY_BODY = YES;
				CLANG_WARN_ENUM_CONVERSION = YES;
				CLANG_WARN_INT_CONVERSION = YES;
				CLANG_WARN_OBJC_ROOT_CLASS = YES_ERROR;
				CLANG_WARN_UNREACHABLE_CODE = YES;
				CLANG_WARN__DUPLICATE_METHOD_MATCH = YES;
				"CODE_SIGN_IDENTITY[sdk=iphoneos*]" = "iPhone Developer";
				COPY_PHASE_STRIP = NO;
				DEBUG_INFORMATION_FORMAT = "dwarf-with-dsym";
				ENABLE_NS_ASSERTIONS = NO;
				ENABLE_STRICT_OBJC_MSGSEND = YES;
				GCC_C_LANGUAGE_STANDARD = gnu99;
				GCC_NO_COMMON_BLOCKS = YES;
				GCC_WARN_64_TO_32_BIT_CONVERSION = YES;
				GCC_WARN_ABOUT_RETURN_TYPE = YES_ERROR;
				GCC_WARN_UNDECLARED_SELECTOR = YES;
				GCC_WARN_UNINITIALIZED_AUTOS = YES_AGGRESSIVE;
				GCC_WARN_UNUSED_FUNCTION = YES;
				GCC_WARN_UNUSED_VARIABLE = YES;
				IPHONEOS_DEPLOYMENT_TARGET = 9.3;
				MTL_ENABLE_DEBUG_INFO = NO;
				SDKROOT = iphoneos;
				TARGETED_DEVICE_FAMILY = "1,2";
				VALIDATE_PRODUCT = YES;
			};
			name = Release;
		};
		37F8AB8B1D938148001D9A14 /* Debug */ = {
			isa = XCBuildConfiguration;
			buildSettings = {
				ASSETCATALOG_COMPILER_APPICON_NAME = AppIcon;
				INFOPLIST_FILE = XXPodTest/Info.plist;
				LD_RUNPATH_SEARCH_PATHS = "$(inherited) @executable_path/Frameworks";
				PRODUCT_BUNDLE_IDENTIFIER = com.hyxt.XXPodTest;
				PRODUCT_NAME = "$(TARGET_NAME)";
			};
			name = Debug;
		};
		37F8AB8C1D938148001D9A14 /* Release */ = {
			isa = XCBuildConfiguration;
			buildSettings = {
				ASSETCATALOG_COMPILER_APPICON_NAME = AppIcon;
				INFOPLIST_FILE = XXPodTest/Info.plist;
				LD_RUNPATH_SEARCH_PATHS = "$(inherited) @executable_path/Frameworks";
				PRODUCT_BUNDLE_IDENTIFIER = com.hyxt.XXPodTest;
				PRODUCT_NAME = "$(TARGET_NAME)";
			};
			name = Release;
		};
/* End XCBuildConfiguration section */

/* Begin XCConfigurationList section */
		37F8AB6E1D938148001D9A14 /* Build configuration list for PBXProject "XXPodTest" */ = {
			isa = XCConfigurationList;
			buildConfigurations = (
				37F8AB881D938148001D9A14 /* Debug */,
				37F8AB891D938148001D9A14 /* Release */,
			);
			defaultConfigurationIsVisible = 0;
			defaultConfigurationName = Release;
		};
		37F8AB8A1D938148001D9A14 /* Build configuration list for PBXNativeTarget "XXPodTest" */ = {
			isa = XCConfigurationList;
			buildConfigurations = (
				37F8AB8B1D938148001D9A14 /* Debug */,
				37F8AB8C1D938148001D9A14 /* Release */,
			);
			defaultConfigurationIsVisible = 0;
		};
/* End XCConfigurationList section */
	};
	rootObject = 37F8AB6B1D938148001D9A14 /* Project object */;
}
